
Microsoft Visual Studio Solution File, Format Version 12.00
# Visual Studio Version 17
VisualStudioVersion = 17.2.32210.308
MinimumVisualStudioVersion = 10.0.40219.1
Project("{9A19103F-16F7-4668-BE54-9A1E7A4F7556}") = "Tawasal", "Tawasal\Tawasal.csproj", "{35D0360A-E170-4C70-992E-A57D5BBB1B02}"
EndProject
Project("{2150E333-8FDC-42A3-9474-1A3956D46DE8}") = "Source", "Source", "{3EC02518-477B-47BF-B3BE-4EE81A741110}"
EndProject
Project("{2150E333-8FDC-42A3-9474-1A3956D46DE8}") = "Core", "Core", "{0634A7EE-272A-43CB-A7F9-E3F1E42D34AD}"
EndProject
Project("{2150E333-8FDC-42A3-9474-1A3956D46DE8}") = "Infrastructure", "Infrastructure", "{50392D5D-9D5E-4754-A3A0-94A0D997C6E4}"
EndProject
Project("{2150E333-8FDC-42A3-9474-1A3956D46DE8}") = "Shared", "Shared", "{74FB2231-583F-4F07-8398-06FB5DA5A2CF}"
EndProject
Project("{2150E333-8FDC-42A3-9474-1A3956D46DE8}") = "Web", "Web", "{C234DC83-F527-4FB7-9938-56F0162D8B4B}"
EndProject
Project("{FAE04EC0-301F-11D3-BF4B-00C04F79EFBC}") = "Infrastructure", "Infrastructure\Infrastructure.csproj", "{A39E7EC7-BB32-4C3D-9D46-644CECFD08BD}"
EndProject
Project("{FAE04EC0-301F-11D3-BF4B-00C04F79EFBC}") = "Application", "Application\Application.csproj", "{5F6FE4B1-9E15-40CA-A102-FC1CBD81FB8D}"
EndProject
Global
	GlobalSection(SolutionConfigurationPlatforms) = preSolution
		Debug|Any CPU = Debug|Any CPU
		Release|Any CPU = Release|Any CPU
	EndGlobalSection
	GlobalSection(ProjectConfigurationPlatforms) = postSolution
		{35D0360A-E170-4C70-992E-A57D5BBB1B02}.Debug|Any CPU.ActiveCfg = Debug|Any CPU
		{35D0360A-E170-4C70-992E-A57D5BBB1B02}.Debug|Any CPU.Build.0 = Debug|Any CPU
		{35D0360A-E170-4C70-992E-A57D5BBB1B02}.Release|Any CPU.ActiveCfg = Release|Any CPU
		{35D0360A-E170-4C70-992E-A57D5BBB1B02}.Release|Any CPU.Build.0 = Release|Any CPU
		{A39E7EC7-BB32-4C3D-9D46-644CECFD08BD}.Debug|Any CPU.ActiveCfg = Debug|Any CPU
		{A39E7EC7-BB32-4C3D-9D46-644CECFD08BD}.Debug|Any CPU.Build.0 = Debug|Any CPU
		{A39E7EC7-BB32-4C3D-9D46-644CECFD08BD}.Release|Any CPU.ActiveCfg = Release|Any CPU
		{A39E7EC7-BB32-4C3D-9D46-644CECFD08BD}.Release|Any CPU.Build.0 = Release|Any CPU
		{5F6FE4B1-9E15-40CA-A102-FC1CBD81FB8D}.Debug|Any CPU.ActiveCfg = Debug|Any CPU
		{5F6FE4B1-9E15-40CA-A102-FC1CBD81FB8D}.Debug|Any CPU.Build.0 = Debug|Any CPU
		{5F6FE4B1-9E15-40CA-A102-FC1CBD81FB8D}.Release|Any CPU.ActiveCfg = Release|Any CPU
		{5F6FE4B1-9E15-40CA-A102-FC1CBD81FB8D}.Release|Any CPU.Build.0 = Release|Any CPU
	EndGlobalSection
	GlobalSection(SolutionProperties) = preSolution
		HideSolutionNode = FALSE
	EndGlobalSection
	GlobalSection(NestedProjects) = preSolution
		{35D0360A-E170-4C70-992E-A57D5BBB1B02} = {C234DC83-F527-4FB7-9938-56F0162D8B4B}
		{0634A7EE-272A-43CB-A7F9-E3F1E42D34AD} = {3EC02518-477B-47BF-B3BE-4EE81A741110}
		{50392D5D-9D5E-4754-A3A0-94A0D997C6E4} = {3EC02518-477B-47BF-B3BE-4EE81A741110}
		{74FB2231-583F-4F07-8398-06FB5DA5A2CF} = {3EC02518-477B-47BF-B3BE-4EE81A741110}
		{C234DC83-F527-4FB7-9938-56F0162D8B4B} = {3EC02518-477B-47BF-B3BE-4EE81A741110}
		{A39E7EC7-BB32-4C3D-9D46-644CECFD08BD} = {50392D5D-9D5E-4754-A3A0-94A0D997C6E4}
		{5F6FE4B1-9E15-40CA-A102-FC1CBD81FB8D} = {0634A7EE-272A-43CB-A7F9-E3F1E42D34AD}
	EndGlobalSection
	GlobalSection(ExtensibilityGlobals) = postSolution
		SolutionGuid = {6A3126FF-E489-4D83-B872-9043EDE218E0}
	EndGlobalSection
EndGlobal
